
Microsoft Visual Studio Solution File, Format Version 12.00
# Visual Studio Version 16
VisualStudioVersion = 16.0.30413.136
MinimumVisualStudioVersion = 10.0.40219.1
Project("{FAE04EC0-301F-11D3-BF4B-00C04F79EFBC}") = "MastermindSimple", "MastermindSimple.csproj", "{9C81624A-0CC5-449E-9740-2877A41AD862}"
EndProject
Global
	GlobalSection(SolutionConfigurationPlatforms) = preSolution
		Debug|Any CPU = Debug|Any CPU
		Release|Any CPU = Release|Any CPU
	EndGlobalSection
	GlobalSection(ProjectConfigurationPlatforms) = postSolution
		{9C81624A-0CC5-449E-9740-2877A41AD862}.Debug|Any CPU.ActiveCfg = Debug|Any CPU
		{9C81624A-0CC5-449E-9740-2877A41AD862}.Debug|Any CPU.Build.0 = Debug|Any CPU
		{9C81624A-0CC5-449E-9740-2877A41AD862}.Release|Any CPU.ActiveCfg = Release|Any CPU
		{9C81624A-0CC5-449E-9740-2877A41AD862}.Release|Any CPU.Build.0 = Release|Any CPU
	EndGlobalSection
	GlobalSection(SolutionProperties) = preSolution
		HideSolutionNode = FALSE
	EndGlobalSection
	GlobalSection(ExtensibilityGlobals) = postSolution
		SolutionGuid = {9215DA86-A9BA-471A-9BAF-8B38A42E73C8}
	EndGlobalSection
EndGlobal
